
Microsoft Visual Studio Solution File, Format Version 12.00
# Visual Studio Version 17
VisualStudioVersion = 17.5.002.0
MinimumVisualStudioVersion = 10.0.40219.1
Project("{2150E333-8FDC-42A3-9474-1A3956D46DE8}") = "csharp-prep", "csharp-prep", "{CD32AD64-1270-482F-970F-B571E81BE7AF}"
EndProject
Project("{9A19103F-16F7-4668-BE54-9A1E7A4F7556}") = "Prep1", "csharp-prep\Prep1\Prep1.csproj", "{58AB8410-D7F6-468D-9BD8-5FF07427EBDC}"
EndProject
Project("{9A19103F-16F7-4668-BE54-9A1E7A4F7556}") = "Prep2", "csharp-prep\Prep2\Prep2.csproj", "{8F3C69BF-F45A-4BC7-8561-2A9715B00D58}"
EndProject
Project("{9A19103F-16F7-4668-BE54-9A1E7A4F7556}") = "Prep3", "csharp-prep\Prep3\Prep3.csproj", "{30BAD53F-9BEF-4851-BE10-7730449942E2}"
EndProject
Project("{9A19103F-16F7-4668-BE54-9A1E7A4F7556}") = "Prep4", "csharp-prep\Prep4\Prep4.csproj", "{57F31BA3-4388-413F-BAC4-620854C7C849}"
EndProject
Project("{9A19103F-16F7-4668-BE54-9A1E7A4F7556}") = "Prep5", "csharp-prep\Prep5\Prep5.csproj", "{95A74A07-2088-4193-97D9-C91B738E88A1}"
EndProject
Project("{2150E333-8FDC-42A3-9474-1A3956D46DE8}") = "final", "final", "{F7E2BE1F-C8E4-4B54-B966-229D861333D9}"
EndProject
Project("{9A19103F-16F7-4668-BE54-9A1E7A4F7556}") = "FinalProject", "final\FinalProject\FinalProject.csproj", "{947BDBFE-5F60-445F-82D7-67D0566DEC97}"
EndProject
Project("{9A19103F-16F7-4668-BE54-9A1E7A4F7556}") = "Foundation1", "final\Foundation1\Foundation1.csproj", "{D0167FE9-C9BA-49D6-8F95-F580B2F34B5C}"
EndProject
Project("{9A19103F-16F7-4668-BE54-9A1E7A4F7556}") = "Foundation2", "final\Foundation2\Foundation2.csproj", "{AE2BB658-F667-477F-9CD7-C6536277FF32}"
EndProject
Project("{9A19103F-16F7-4668-BE54-9A1E7A4F7556}") = "Foundation3", "final\Foundation3\Foundation3.csproj", "{85805442-5E0D-4B0A-AAB6-F87BE5A6E861}"
EndProject
Project("{9A19103F-16F7-4668-BE54-9A1E7A4F7556}") = "Foundation4", "final\Foundation4\Foundation4.csproj", "{5CCCAF3E-8B8A-4981-BB9C-EBD9EAD8F860}"
EndProject
Project("{2150E333-8FDC-42A3-9474-1A3956D46DE8}") = "prepare", "prepare", "{65E43C5D-9BC5-4F21-8309-C2BA21771EB0}"
EndProject
Project("{9A19103F-16F7-4668-BE54-9A1E7A4F7556}") = "Learning02", "prepare\Learning02\Learning02.csproj", "{D5BFF0CE-FFDD-4DC2-A5AB-EC822DC6C3EA}"
EndProject
Project("{9A19103F-16F7-4668-BE54-9A1E7A4F7556}") = "Learning03", "prepare\Learning03\Learning03.csproj", "{141A9485-1D5A-47CA-AC9E-2C51AA9B488F}"
EndProject
Project("{9A19103F-16F7-4668-BE54-9A1E7A4F7556}") = "Learning04", "prepare\Learning04\Learning04.csproj", "{4F09CD74-BB52-462C-9C56-1DB44D7FE25D}"
EndProject
Project("{9A19103F-16F7-4668-BE54-9A1E7A4F7556}") = "Learning05", "prepare\Learning05\Learning05.csproj", "{26F73BC3-6C8B-440D-95F0-F155B9406BD7}"
EndProject
Project("{2150E333-8FDC-42A3-9474-1A3956D46DE8}") = "prove", "prove", "{AFBD8CF6-02F0-42FE-BAA7-B97974E4E206}"
EndProject
Project("{9A19103F-16F7-4668-BE54-9A1E7A4F7556}") = "Develop02", "prove\Develop02\Develop02.csproj", "{79ACC8C0-6A60-4696-8D6D-9A1EF3D4E739}"
EndProject
Project("{9A19103F-16F7-4668-BE54-9A1E7A4F7556}") = "Develop03", "prove\Develop03\Develop03.csproj", "{F2C94B9C-21BA-422C-8EEC-34776B2C2CDF}"
EndProject
Project("{9A19103F-16F7-4668-BE54-9A1E7A4F7556}") = "Develop04", "prove\Develop04\Develop04.csproj", "{08933B93-048C-4630-BD11-36E0F63B9A82}"
EndProject
Project("{9A19103F-16F7-4668-BE54-9A1E7A4F7556}") = "Develop05", "prove\Develop05\Develop05.csproj", "{B92E9D91-6694-449C-B8AA-AF32F1FEA8BB}"
EndProject
Project("{2150E333-8FDC-42A3-9474-1A3956D46DE8}") = "sandbox", "sandbox", "{D26D0415-E266-4AF6-9AC3-EF7980E204F5}"
EndProject
Project("{9A19103F-16F7-4668-BE54-9A1E7A4F7556}") = "Sandbox", "sandbox\Sandbox\Sandbox.csproj", "{8B7F57EC-E3AA-47B1-8D77-33DF01726735}"
EndProject
Global
	GlobalSection(SolutionConfigurationPlatforms) = preSolution
		Debug|Any CPU = Debug|Any CPU
		Release|Any CPU = Release|Any CPU
	EndGlobalSection
	GlobalSection(ProjectConfigurationPlatforms) = postSolution
		{58AB8410-D7F6-468D-9BD8-5FF07427EBDC}.Debug|Any CPU.ActiveCfg = Debug|Any CPU
		{58AB8410-D7F6-468D-9BD8-5FF07427EBDC}.Debug|Any CPU.Build.0 = Debug|Any CPU
		{58AB8410-D7F6-468D-9BD8-5FF07427EBDC}.Release|Any CPU.ActiveCfg = Release|Any CPU
		{58AB8410-D7F6-468D-9BD8-5FF07427EBDC}.Release|Any CPU.Build.0 = Release|Any CPU
		{8F3C69BF-F45A-4BC7-8561-2A9715B00D58}.Debug|Any CPU.ActiveCfg = Debug|Any CPU
		{8F3C69BF-F45A-4BC7-8561-2A9715B00D58}.Debug|Any CPU.Build.0 = Debug|Any CPU
		{8F3C69BF-F45A-4BC7-8561-2A9715B00D58}.Release|Any CPU.ActiveCfg = Release|Any CPU
		{8F3C69BF-F45A-4BC7-8561-2A9715B00D58}.Release|Any CPU.Build.0 = Release|Any CPU
		{30BAD53F-9BEF-4851-BE10-7730449942E2}.Debug|Any CPU.ActiveCfg = Debug|Any CPU
		{30BAD53F-9BEF-4851-BE10-7730449942E2}.Debug|Any CPU.Build.0 = Debug|Any CPU
		{30BAD53F-9BEF-4851-BE10-7730449942E2}.Release|Any CPU.ActiveCfg = Release|Any CPU
		{30BAD53F-9BEF-4851-BE10-7730449942E2}.Release|Any CPU.Build.0 = Release|Any CPU
		{57F31BA3-4388-413F-BAC4-620854C7C849}.Debug|Any CPU.ActiveCfg = Debug|Any CPU
		{57F31BA3-4388-413F-BAC4-620854C7C849}.Debug|Any CPU.Build.0 = Debug|Any CPU
		{57F31BA3-4388-413F-BAC4-620854C7C849}.Release|Any CPU.ActiveCfg = Release|Any CPU
		{57F31BA3-4388-413F-BAC4-620854C7C849}.Release|Any CPU.Build.0 = Release|Any CPU
		{95A74A07-2088-4193-97D9-C91B738E88A1}.Debug|Any CPU.ActiveCfg = Debug|Any CPU
		{95A74A07-2088-4193-97D9-C91B738E88A1}.Debug|Any CPU.Build.0 = Debug|Any CPU
		{95A74A07-2088-4193-97D9-C91B738E88A1}.Release|Any CPU.ActiveCfg = Release|Any CPU
		{95A74A07-2088-4193-97D9-C91B738E88A1}.Release|Any CPU.Build.0 = Release|Any CPU
		{947BDBFE-5F60-445F-82D7-67D0566DEC97}.Debug|Any CPU.ActiveCfg = Debug|Any CPU
		{947BDBFE-5F60-445F-82D7-67D0566DEC97}.Debug|Any CPU.Build.0 = Debug|Any CPU
		{947BDBFE-5F60-445F-82D7-67D0566DEC97}.Release|Any CPU.ActiveCfg = Release|Any CPU
		{947BDBFE-5F60-445F-82D7-67D0566DEC97}.Release|Any CPU.Build.0 = Release|Any CPU
		{D0167FE9-C9BA-49D6-8F95-F580B2F34B5C}.Debug|Any CPU.ActiveCfg = Debug|Any CPU
		{D0167FE9-C9BA-49D6-8F95-F580B2F34B5C}.Debug|Any CPU.Build.0 = Debug|Any CPU
		{D0167FE9-C9BA-49D6-8F95-F580B2F34B5C}.Release|Any CPU.ActiveCfg = Release|Any CPU
		{D0167FE9-C9BA-49D6-8F95-F580B2F34B5C}.Release|Any CPU.Build.0 = Release|Any CPU
		{AE2BB658-F667-477F-9CD7-C6536277FF32}.Debug|Any CPU.ActiveCfg = Debug|Any CPU
		{AE2BB658-F667-477F-9CD7-C6536277FF32}.Debug|Any CPU.Build.0 = Debug|Any CPU
		{AE2BB658-F667-477F-9CD7-C6536277FF32}.Release|Any CPU.ActiveCfg = Release|Any CPU
		{AE2BB658-F667-477F-9CD7-C6536277FF32}.Release|Any CPU.Build.0 = Release|Any CPU
		{85805442-5E0D-4B0A-AAB6-F87BE5A6E861}.Debug|Any CPU.ActiveCfg = Debug|Any CPU
		{85805442-5E0D-4B0A-AAB6-F87BE5A6E861}.Debug|Any CPU.Build.0 = Debug|Any CPU
		{85805442-5E0D-4B0A-AAB6-F87BE5A6E861}.Release|Any CPU.ActiveCfg = Release|Any CPU
		{85805442-5E0D-4B0A-AAB6-F87BE5A6E861}.Release|Any CPU.Build.0 = Release|Any CPU
		{5CCCAF3E-8B8A-4981-BB9C-EBD9EAD8F860}.Debug|Any CPU.ActiveCfg = Debug|Any CPU
		{5CCCAF3E-8B8A-4981-BB9C-EBD9EAD8F860}.Debug|Any CPU.Build.0 = Debug|Any CPU
		{5CCCAF3E-8B8A-4981-BB9C-EBD9EAD8F860}.Release|Any CPU.ActiveCfg = Release|Any CPU
		{5CCCAF3E-8B8A-4981-BB9C-EBD9EAD8F860}.Release|Any CPU.Build.0 = Release|Any CPU
		{D5BFF0CE-FFDD-4DC2-A5AB-EC822DC6C3EA}.Debug|Any CPU.ActiveCfg = Debug|Any CPU
		{D5BFF0CE-FFDD-4DC2-A5AB-EC822DC6C3EA}.Debug|Any CPU.Build.0 = Debug|Any CPU
		{D5BFF0CE-FFDD-4DC2-A5AB-EC822DC6C3EA}.Release|Any CPU.ActiveCfg = Release|Any CPU
		{D5BFF0CE-FFDD-4DC2-A5AB-EC822DC6C3EA}.Release|Any CPU.Build.0 = Release|Any CPU
		{141A9485-1D5A-47CA-AC9E-2C51AA9B488F}.Debug|Any CPU.ActiveCfg = Debug|Any CPU
		{141A9485-1D5A-47CA-AC9E-2C51AA9B488F}.Debug|Any CPU.Build.0 = Debug|Any CPU
		{141A9485-1D5A-47CA-AC9E-2C51AA9B488F}.Release|Any CPU.ActiveCfg = Release|Any CPU
		{141A9485-1D5A-47CA-AC9E-2C51AA9B488F}.Release|Any CPU.Build.0 = Release|Any CPU
		{4F09CD74-BB52-462C-9C56-1DB44D7FE25D}.Debug|Any CPU.ActiveCfg = Debug|Any CPU
		{4F09CD74-BB52-462C-9C56-1DB44D7FE25D}.Debug|Any CPU.Build.0 = Debug|Any CPU
		{4F09CD74-BB52-462C-9C56-1DB44D7FE25D}.Release|Any CPU.ActiveCfg = Release|Any CPU
		{4F09CD74-BB52-462C-9C56-1DB44D7FE25D}.Release|Any CPU.Build.0 = Release|Any CPU
		{26F73BC3-6C8B-440D-95F0-F155B9406BD7}.Debug|Any CPU.ActiveCfg = Debug|Any CPU
		{26F73BC3-6C8B-440D-95F0-F155B9406BD7}.Debug|Any CPU.Build.0 = Debug|Any CPU
		{26F73BC3-6C8B-440D-95F0-F155B9406BD7}.Release|Any CPU.ActiveCfg = Release|Any CPU
		{26F73BC3-6C8B-440D-95F0-F155B9406BD7}.Release|Any CPU.Build.0 = Release|Any CPU
		{79ACC8C0-6A60-4696-8D6D-9A1EF3D4E739}.Debug|Any CPU.ActiveCfg = Debug|Any CPU
		{79ACC8C0-6A60-4696-8D6D-9A1EF3D4E739}.Debug|Any CPU.Build.0 = Debug|Any CPU
		{79ACC8C0-6A60-4696-8D6D-9A1EF3D4E739}.Release|Any CPU.ActiveCfg = Release|Any CPU
		{79ACC8C0-6A60-4696-8D6D-9A1EF3D4E739}.Release|Any CPU.Build.0 = Release|Any CPU
		{F2C94B9C-21BA-422C-8EEC-34776B2C2CDF}.Debug|Any CPU.ActiveCfg = Debug|Any CPU
		{F2C94B9C-21BA-422C-8EEC-34776B2C2CDF}.Debug|Any CPU.Build.0 = Debug|Any CPU
		{F2C94B9C-21BA-422C-8EEC-34776B2C2CDF}.Release|Any CPU.ActiveCfg = Release|Any CPU
		{F2C94B9C-21BA-422C-8EEC-34776B2C2CDF}.Release|Any CPU.Build.0 = Release|Any CPU
		{08933B93-048C-4630-BD11-36E0F63B9A82}.Debug|Any CPU.ActiveCfg = Debug|Any CPU
		{08933B93-048C-4630-BD11-36E0F63B9A82}.Debug|Any CPU.Build.0 = Debug|Any CPU
		{08933B93-048C-4630-BD11-36E0F63B9A82}.Release|Any CPU.ActiveCfg = Release|Any CPU
		{08933B93-048C-4630-BD11-36E0F63B9A82}.Release|Any CPU.Build.0 = Release|Any CPU
		{B92E9D91-6694-449C-B8AA-AF32F1FEA8BB}.Debug|Any CPU.ActiveCfg = Debug|Any CPU
		{B92E9D91-6694-449C-B8AA-AF32F1FEA8BB}.Debug|Any CPU.Build.0 = Debug|Any CPU
		{B92E9D91-6694-449C-B8AA-AF32F1FEA8BB}.Release|Any CPU.ActiveCfg = Release|Any CPU
		{B92E9D91-6694-449C-B8AA-AF32F1FEA8BB}.Release|Any CPU.Build.0 = Release|Any CPU
		{8B7F57EC-E3AA-47B1-8D77-33DF01726735}.Debug|Any CPU.ActiveCfg = Debug|Any CPU
		{8B7F57EC-E3AA-47B1-8D77-33DF01726735}.Debug|Any CPU.Build.0 = Debug|Any CPU
		{8B7F57EC-E3AA-47B1-8D77-33DF01726735}.Release|Any CPU.ActiveCfg = Release|Any CPU
		{8B7F57EC-E3AA-47B1-8D77-33DF01726735}.Release|Any CPU.Build.0 = Release|Any CPU
	EndGlobalSection
	GlobalSection(SolutionProperties) = preSolution
		HideSolutionNode = FALSE
	EndGlobalSection
	GlobalSection(NestedProjects) = preSolution
		{58AB8410-D7F6-468D-9BD8-5FF07427EBDC} = {CD32AD64-1270-482F-970F-B571E81BE7AF}
		{8F3C69BF-F45A-4BC7-8561-2A9715B00D58} = {CD32AD64-1270-482F-970F-B571E81BE7AF}
		{30BAD53F-9BEF-4851-BE10-7730449942E2} = {CD32AD64-1270-482F-970F-B571E81BE7AF}
		{57F31BA3-4388-413F-BAC4-620854C7C849} = {CD32AD64-1270-482F-970F-B571E81BE7AF}
		{95A74A07-2088-4193-97D9-C91B738E88A1} = {CD32AD64-1270-482F-970F-B571E81BE7AF}
		{947BDBFE-5F60-445F-82D7-67D0566DEC97} = {F7E2BE1F-C8E4-4B54-B966-229D861333D9}
		{D0167FE9-C9BA-49D6-8F95-F580B2F34B5C} = {F7E2BE1F-C8E4-4B54-B966-229D861333D9}
		{AE2BB658-F667-477F-9CD7-C6536277FF32} = {F7E2BE1F-C8E4-4B54-B966-229D861333D9}
		{85805442-5E0D-4B0A-AAB6-F87BE5A6E861} = {F7E2BE1F-C8E4-4B54-B966-229D861333D9}
		{5CCCAF3E-8B8A-4981-BB9C-EBD9EAD8F860} = {F7E2BE1F-C8E4-4B54-B966-229D861333D9}
		{D5BFF0CE-FFDD-4DC2-A5AB-EC822DC6C3EA} = {65E43C5D-9BC5-4F21-8309-C2BA21771EB0}
		{141A9485-1D5A-47CA-AC9E-2C51AA9B488F} = {65E43C5D-9BC5-4F21-8309-C2BA21771EB0}
		{4F09CD74-BB52-462C-9C56-1DB44D7FE25D} = {65E43C5D-9BC5-4F21-8309-C2BA21771EB0}
		{26F73BC3-6C8B-440D-95F0-F155B9406BD7} = {65E43C5D-9BC5-4F21-8309-C2BA21771EB0}
		{79ACC8C0-6A60-4696-8D6D-9A1EF3D4E739} = {AFBD8CF6-02F0-42FE-BAA7-B97974E4E206}
		{F2C94B9C-21BA-422C-8EEC-34776B2C2CDF} = {AFBD8CF6-02F0-42FE-BAA7-B97974E4E206}
		{08933B93-048C-4630-BD11-36E0F63B9A82} = {AFBD8CF6-02F0-42FE-BAA7-B97974E4E206}
		{B92E9D91-6694-449C-B8AA-AF32F1FEA8BB} = {AFBD8CF6-02F0-42FE-BAA7-B97974E4E206}
		{8B7F57EC-E3AA-47B1-8D77-33DF01726735} = {D26D0415-E266-4AF6-9AC3-EF7980E204F5}
	EndGlobalSection
	GlobalSection(ExtensibilityGlobals) = postSolution
		SolutionGuid = {CE49F732-3DD0-4781-BA0F-EF505E04CFFB}
	EndGlobalSection
EndGlobal
